
Microsoft Visual Studio Solution File, Format Version 12.00
# Visual Studio Version 17
VisualStudioVersion = 17.0.32112.339
MinimumVisualStudioVersion = 10.0.40219.1
Project("{FAE04EC0-301F-11D3-BF4B-00C04F79EFBC}") = "Login Screen ödev", "Login Screen ödev\Login Screen ödev.csproj", "{1CEEFB1E-BCBA-4C4E-8BDD-C0645F0E3E7F}"
EndProject
Global
	GlobalSection(SolutionConfigurationPlatforms) = preSolution
		Debug|Any CPU = Debug|Any CPU
		Release|Any CPU = Release|Any CPU
	EndGlobalSection
	GlobalSection(ProjectConfigurationPlatforms) = postSolution
		{1CEEFB1E-BCBA-4C4E-8BDD-C0645F0E3E7F}.Debug|Any CPU.ActiveCfg = Debug|Any CPU
		{1CEEFB1E-BCBA-4C4E-8BDD-C0645F0E3E7F}.Debug|Any CPU.Build.0 = Debug|Any CPU
		{1CEEFB1E-BCBA-4C4E-8BDD-C0645F0E3E7F}.Release|Any CPU.ActiveCfg = Release|Any CPU
		{1CEEFB1E-BCBA-4C4E-8BDD-C0645F0E3E7F}.Release|Any CPU.Build.0 = Release|Any CPU
	EndGlobalSection
	GlobalSection(SolutionProperties) = preSolution
		HideSolutionNode = FALSE
	EndGlobalSection
	GlobalSection(ExtensibilityGlobals) = postSolution
		SolutionGuid = {AAA8E67C-7E29-4028-9E45-E7FAB463B2F1}
	EndGlobalSection
EndGlobal
