
Microsoft Visual Studio Solution File, Format Version 12.00
# Visual Studio Version 17
VisualStudioVersion = 17.0.32112.339
MinimumVisualStudioVersion = 10.0.40219.1
Project("{FAE04EC0-301F-11D3-BF4B-00C04F79EFBC}") = "Asal Sayı bulma", "Asal Sayı bulma\Asal Sayı bulma.csproj", "{E593FB9D-7C53-4176-837C-51C64497033B}"
EndProject
Global
	GlobalSection(SolutionConfigurationPlatforms) = preSolution
		Debug|Any CPU = Debug|Any CPU
		Release|Any CPU = Release|Any CPU
	EndGlobalSection
	GlobalSection(ProjectConfigurationPlatforms) = postSolution
		{E593FB9D-7C53-4176-837C-51C64497033B}.Debug|Any CPU.ActiveCfg = Debug|Any CPU
		{E593FB9D-7C53-4176-837C-51C64497033B}.Debug|Any CPU.Build.0 = Debug|Any CPU
		{E593FB9D-7C53-4176-837C-51C64497033B}.Release|Any CPU.ActiveCfg = Release|Any CPU
		{E593FB9D-7C53-4176-837C-51C64497033B}.Release|Any CPU.Build.0 = Release|Any CPU
	EndGlobalSection
	GlobalSection(SolutionProperties) = preSolution
		HideSolutionNode = FALSE
	EndGlobalSection
	GlobalSection(ExtensibilityGlobals) = postSolution
		SolutionGuid = {D68FDCF8-6DB7-4AA4-9B17-1ED17F168563}
	EndGlobalSection
EndGlobal
